
Microsoft Visual Studio Solution File, Format Version 12.00
# Visual Studio Version 17
VisualStudioVersion = 17.10.34928.147
MinimumVisualStudioVersion = 10.0.40219.1
Project("{FAE04EC0-301F-11D3-BF4B-00C04F79EFBC}") = "Lab7", "Lab7\Lab7.csproj", "{D12FE384-078D-47DB-960F-5E0386145D7C}"
EndProject
Global
	GlobalSection(SolutionConfigurationPlatforms) = preSolution
		Debug|Any CPU = Debug|Any CPU
		Release|Any CPU = Release|Any CPU
	EndGlobalSection
	GlobalSection(ProjectConfigurationPlatforms) = postSolution
		{D12FE384-078D-47DB-960F-5E0386145D7C}.Debug|Any CPU.ActiveCfg = Debug|Any CPU
		{D12FE384-078D-47DB-960F-5E0386145D7C}.Debug|Any CPU.Build.0 = Debug|Any CPU
		{D12FE384-078D-47DB-960F-5E0386145D7C}.Release|Any CPU.ActiveCfg = Release|Any CPU
		{D12FE384-078D-47DB-960F-5E0386145D7C}.Release|Any CPU.Build.0 = Release|Any CPU
	EndGlobalSection
	GlobalSection(SolutionProperties) = preSolution
		HideSolutionNode = FALSE
	EndGlobalSection
	GlobalSection(ExtensibilityGlobals) = postSolution
		SolutionGuid = {A7D52AE0-7069-416D-97E9-E8117979BF05}
	EndGlobalSection
EndGlobal
